{
  "lockfileVersion": 2,
  "configVersion": 1,
  "workspaces": {
    "": {
      "name": "zondarr-workspace",
      "devDependencies": {
        "@j178/prek": "0.5.2",
      },
    },
  },
  "packages": {
    "@j178/prek": ["@j178/prek@0.5.2", "", { "optionalDependencies": { "@j178/prek-android-arm64": "0.5.2", "@j178/prek-darwin-arm64": "0.5.2", "@j178/prek-darwin-x64": "0.5.2", "@j178/prek-linux-arm64-gnu": "0.5.2", "@j178/prek-linux-arm64-musl": "0.5.2", "@j178/prek-linux-x64-gnu": "0.5.2", "@j178/prek-linux-x64-musl": "0.5.2", "@j178/prek-win32-arm64-msvc": "0.5.2", "@j178/prek-win32-x64-msvc": "0.5.2" }, "bin": { "prek": "bin/prek.js" } }, "sha512-uzcz312sgvFcwW8+8gCbmYZurmlzaCofsmKIFxzFuL/cFt/a5KWNw8TyFSbOvo/wWPW/j1L8qs7RruRH3mw3OQ=="],

    "@j178/prek-android-arm64": ["@j178/prek-android-arm64@0.5.2", "", { "os": "android", "cpu": "arm64" }, "sha512-REh3APX8MUwHr4Q9aPvm+59hQRcshXuchzF64X1FYzMl2w9nAoMZqH0YlIfiZ3Mzj9AAt8N9Pp9EAjVPh+o7MA=="],

    "@j178/prek-darwin-arm64": ["@j178/prek-darwin-arm64@0.5.2", "", { "os": "darwin", "cpu": "arm64" }, "sha512-Yl7HXs67axUO22OCHCt6gBo3XXG7oP76fAYCD6wVHQJrKBisKTAmTCm2un3lP6k5IxMvzk5YeHW64FUs5Xbdfw=="],

    "@j178/prek-darwin-x64": ["@j178/prek-darwin-x64@0.5.2", "", { "os": "darwin", "cpu": "x64" }, "sha512-VFrjQg31CZtkW0CVHv77V6mSQBowqHAm40zqDttnRC9dDIpRIyleLCJUyjJ9MbUMf2M8PQZbW/HenuEnx1nm5A=="],

    "@j178/prek-linux-arm64-gnu": ["@j178/prek-linux-arm64-gnu@0.5.2", "", { "os": "linux", "cpu": "arm64" }, "sha512-7F/Y3hvsSCR36wbrvvCDHSwFyDhwVDbyjKiSUSwI0yGGRlaC4Kg3S7mwqoCKfdULFlYyg4HA+q9HUA0U2IaQJA=="],

    "@j178/prek-linux-arm64-musl": ["@j178/prek-linux-arm64-musl@0.5.2", "", { "os": "linux", "cpu": "arm64" }, "sha512-nWIcMqw8Nre+WTCYHV0ZNFM4QcULoa0bPq9HyLcIrS0nirLj0AKkrjmVrVPideBvUgsT26hCZ+GaXkK7J7JgPw=="],

    "@j178/prek-linux-x64-gnu": ["@j178/prek-linux-x64-gnu@0.5.2", "", { "os": "linux", "cpu": "x64" }, "sha512-OCU+HbvLDaKwf723oHYohSVohjN1RrTYjFvgh/DpgIrbZjhT/qkAvBSfjhMZouy3GDV1089Nj0nTgVDcdvgzVQ=="],

    "@j178/prek-linux-x64-musl": ["@j178/prek-linux-x64-musl@0.5.2", "", { "os": "linux", "cpu": "x64" }, "sha512-AazCkI/MT1iKbzBOwtXf3ulJBsCIyUJ8sUbXGCWZq4zJzX/eGXfFMMdzQGe2C33EGxG/hNuDqFjFdZFTyuplvg=="],

    "@j178/prek-win32-arm64-msvc": ["@j178/prek-win32-arm64-msvc@0.5.2", "", { "os": "win32", "cpu": "arm64" }, "sha512-z/Wp0dznmlcWa8O0ufUDzmAs9TPFeWaJR30m35+E27plMx28v9SyHRzVyoYAf3O390GfyayMflv8ywVLGd+l9w=="],

    "@j178/prek-win32-x64-msvc": ["@j178/prek-win32-x64-msvc@0.5.2", "", { "os": "win32", "cpu": "x64" }, "sha512-g0GoS1f8apy4CfdyMcaoxvPlSzbxWcXFp9yP5IBE8UL/Uh40ZI9UI2FBROHTxbqxzXfxwkE3iu8EdgNPyJhUzw=="],
  }
}
